// !$*UTF8*$!
{
	archiveVersion = 1;
	classes = {
	};
	objectVersion = 56;
	objects = {

/* Begin PBXBuildFile section */
		FA4D44D32B6C237D0065AC79 /* MovieTableViewCell.swift in Sources */ = {isa = PBXBuildFile; fileRef = FA4D44D22B6C237D0065AC79 /* MovieTableViewCell.swift */; };
		FA4D44D52B6C260F0065AC79 /* MovieTitleViewModel.swift in Sources */ = {isa = PBXBuildFile; fileRef = FA4D44D42B6C260F0065AC79 /* MovieTitleViewModel.swift */; };
		FA775F7B2B6575C2001EE530 /* AppDelegate.swift in Sources */ = {isa = PBXBuildFile; fileRef = FA775F7A2B6575C2001EE530 /* AppDelegate.swift */; };
		FA775F7D2B6575C2001EE530 /* SceneDelegate.swift in Sources */ = {isa = PBXBuildFile; fileRef = FA775F7C2B6575C2001EE530 /* SceneDelegate.swift */; };
		FA775F7F2B6575C2001EE530 /* MainTabBarViewController.swift in Sources */ = {isa = PBXBuildFile; fileRef = FA775F7E2B6575C2001EE530 /* MainTabBarViewController.swift */; };
		FA775F842B6575C3001EE530 /* Assets.xcassets in Resources */ = {isa = PBXBuildFile; fileRef = FA775F832B6575C3001EE530 /* Assets.xcassets */; };
		FA775F872B6575C3001EE530 /* LaunchScreen.storyboard in Resources */ = {isa = PBXBuildFile; fileRef = FA775F852B6575C3001EE530 /* LaunchScreen.storyboard */; };
		FA775F902B657867001EE530 /* HomeViewController.swift in Sources */ = {isa = PBXBuildFile; fileRef = FA775F8F2B657867001EE530 /* HomeViewController.swift */; };
		FA775F922B657886001EE530 /* UpcomingViewController.swift in Sources */ = {isa = PBXBuildFile; fileRef = FA775F912B657886001EE530 /* UpcomingViewController.swift */; };
		FA775F942B6578BB001EE530 /* SearchViewController.swift in Sources */ = {isa = PBXBuildFile; fileRef = FA775F932B6578BB001EE530 /* SearchViewController.swift */; };
		FA775F962B6578D9001EE530 /* DownloadsViewController.swift in Sources */ = {isa = PBXBuildFile; fileRef = FA775F952B6578D9001EE530 /* DownloadsViewController.swift */; };
		FA775F9D2B657E4B001EE530 /* CollectionViewTableViewCell.swift in Sources */ = {isa = PBXBuildFile; fileRef = FA775F9C2B657E4B001EE530 /* CollectionViewTableViewCell.swift */; };
		FA775F9F2B658925001EE530 /* HeroHeaderUIView.swift in Sources */ = {isa = PBXBuildFile; fileRef = FA775F9E2B658925001EE530 /* HeroHeaderUIView.swift */; };
		FA8E5EF52B76A07E0060D30A /* SearchResultViewController.swift in Sources */ = {isa = PBXBuildFile; fileRef = FA8E5EF42B76A07E0060D30A /* SearchResultViewController.swift */; };
		FA8E5EFB2B76AC100060D30A /* google_api.txt in Resources */ = {isa = PBXBuildFile; fileRef = FA8E5EFA2B76AC100060D30A /* google_api.txt */; };
		FA92E7552B66BECB00504F67 /* APICaller.swift in Sources */ = {isa = PBXBuildFile; fileRef = FA92E7542B66BECB00504F67 /* APICaller.swift */; };
		FA92E7572B66C58100504F67 /* MovieModel.swift in Sources */ = {isa = PBXBuildFile; fileRef = FA92E7562B66C58100504F67 /* MovieModel.swift */; };
		FA92E7592B66CC9200504F67 /* api_key.txt in Resources */ = {isa = PBXBuildFile; fileRef = FA92E7582B66CC9200504F67 /* api_key.txt */; };
		FA92E75B2B66FEE100504F67 /* Extensions.swift in Sources */ = {isa = PBXBuildFile; fileRef = FA92E75A2B66FEE100504F67 /* Extensions.swift */; };
		FA92E75F2B670BE000504F67 /* TitleCollectionViewCell.swift in Sources */ = {isa = PBXBuildFile; fileRef = FA92E75E2B670BE000504F67 /* TitleCollectionViewCell.swift */; };
		FA92E7622B670D2300504F67 /* SDWebImage in Frameworks */ = {isa = PBXBuildFile; productRef = FA92E7612B670D2300504F67 /* SDWebImage */; };
		FA92E7642B670D2300504F67 /* SDWebImageMapKit in Frameworks */ = {isa = PBXBuildFile; productRef = FA92E7632B670D2300504F67 /* SDWebImageMapKit */; };
/* End PBXBuildFile section */

/* Begin PBXFileReference section */
		FA4D44D22B6C237D0065AC79 /* MovieTableViewCell.swift */ = {isa = PBXFileReference; lastKnownFileType = sourcecode.swift; path = MovieTableViewCell.swift; sourceTree = "<group>"; };
		FA4D44D42B6C260F0065AC79 /* MovieTitleViewModel.swift */ = {isa = PBXFileReference; lastKnownFileType = sourcecode.swift; path = MovieTitleViewModel.swift; sourceTree = "<group>"; };
		FA775F772B6575C2001EE530 /* NetflixClone.app */ = {isa = PBXFileReference; explicitFileType = wrapper.application; includeInIndex = 0; path = NetflixClone.app; sourceTree = BUILT_PRODUCTS_DIR; };
		FA775F7A2B6575C2001EE530 /* AppDelegate.swift */ = {isa = PBXFileReference; lastKnownFileType = sourcecode.swift; path = AppDelegate.swift; sourceTree = "<group>"; };
		FA775F7C2B6575C2001EE530 /* SceneDelegate.swift */ = {isa = PBXFileReference; lastKnownFileType = sourcecode.swift; path = SceneDelegate.swift; sourceTree = "<group>"; };
		FA775F7E2B6575C2001EE530 /* MainTabBarViewController.swift */ = {isa = PBXFileReference; lastKnownFileType = sourcecode.swift; path = MainTabBarViewController.swift; sourceTree = "<group>"; };
		FA775F832B6575C3001EE530 /* Assets.xcassets */ = {isa = PBXFileReference; lastKnownFileType = folder.assetcatalog; path = Assets.xcassets; sourceTree = "<group>"; };
		FA775F862B6575C3001EE530 /* Base */ = {isa = PBXFileReference; lastKnownFileType = file.storyboard; name = Base; path = Base.lproj/LaunchScreen.storyboard; sourceTree = "<group>"; };
		FA775F882B6575C3001EE530 /* Info.plist */ = {isa = PBXFileReference; lastKnownFileType = text.plist.xml; path = Info.plist; sourceTree = "<group>"; };
		FA775F8F2B657867001EE530 /* HomeViewController.swift */ = {isa = PBXFileReference; lastKnownFileType = sourcecode.swift; path = HomeViewController.swift; sourceTree = "<group>"; };
		FA775F912B657886001EE530 /* UpcomingViewController.swift */ = {isa = PBXFileReference; lastKnownFileType = sourcecode.swift; path = UpcomingViewController.swift; sourceTree = "<group>"; };
		FA775F932B6578BB001EE530 /* SearchViewController.swift */ = {isa = PBXFileReference; lastKnownFileType = sourcecode.swift; path = SearchViewController.swift; sourceTree = "<group>"; };
		FA775F952B6578D9001EE530 /* DownloadsViewController.swift */ = {isa = PBXFileReference; lastKnownFileType = sourcecode.swift; path = DownloadsViewController.swift; sourceTree = "<group>"; };
		FA775F9C2B657E4B001EE530 /* CollectionViewTableViewCell.swift */ = {isa = PBXFileReference; lastKnownFileType = sourcecode.swift; path = CollectionViewTableViewCell.swift; sourceTree = "<group>"; };
		FA775F9E2B658925001EE530 /* HeroHeaderUIView.swift */ = {isa = PBXFileReference; lastKnownFileType = sourcecode.swift; path = HeroHeaderUIView.swift; sourceTree = "<group>"; };
		FA8E5EF42B76A07E0060D30A /* SearchResultViewController.swift */ = {isa = PBXFileReference; lastKnownFileType = sourcecode.swift; path = SearchResultViewController.swift; sourceTree = "<group>"; };
		FA8E5EFA2B76AC100060D30A /* google_api.txt */ = {isa = PBXFileReference; fileEncoding = 4; lastKnownFileType = text; path = google_api.txt; sourceTree = "<group>"; };
		FA92E7542B66BECB00504F67 /* APICaller.swift */ = {isa = PBXFileReference; lastKnownFileType = sourcecode.swift; path = APICaller.swift; sourceTree = "<group>"; };
		FA92E7562B66C58100504F67 /* MovieModel.swift */ = {isa = PBXFileReference; lastKnownFileType = sourcecode.swift; path = MovieModel.swift; sourceTree = "<group>"; };
		FA92E7582B66CC9200504F67 /* api_key.txt */ = {isa = PBXFileReference; lastKnownFileType = text; path = api_key.txt; sourceTree = "<group>"; };
		FA92E75A2B66FEE100504F67 /* Extensions.swift */ = {isa = PBXFileReference; lastKnownFileType = sourcecode.swift; path = Extensions.swift; sourceTree = "<group>"; };
		FA92E75E2B670BE000504F67 /* TitleCollectionViewCell.swift */ = {isa = PBXFileReference; lastKnownFileType = sourcecode.swift; path = TitleCollectionViewCell.swift; sourceTree = "<group>"; };
/* End PBXFileReference section */

/* Begin PBXFrameworksBuildPhase section */
		FA775F742B6575C2001EE530 /* Frameworks */ = {
			isa = PBXFrameworksBuildPhase;
			buildActionMask = 2147483647;
			files = (
				FA92E7642B670D2300504F67 /* SDWebImageMapKit in Frameworks */,
				FA92E7622B670D2300504F67 /* SDWebImage in Frameworks */,
			);
			runOnlyForDeploymentPostprocessing = 0;
		};
/* End PBXFrameworksBuildPhase section */

/* Begin PBXGroup section */
		FA775F6E2B6575C2001EE530 = {
			isa = PBXGroup;
			children = (
				FA775F792B6575C2001EE530 /* NetflixClone */,
				FA775F782B6575C2001EE530 /* Products */,
			);
			sourceTree = "<group>";
		};
		FA775F782B6575C2001EE530 /* Products */ = {
			isa = PBXGroup;
			children = (
				FA775F772B6575C2001EE530 /* NetflixClone.app */,
			);
			name = Products;
			sourceTree = "<group>";
		};
		FA775F792B6575C2001EE530 /* NetflixClone */ = {
			isa = PBXGroup;
			children = (
				FA775F9B2B657E32001EE530 /* Managers */,
				FA775F9A2B657E2B001EE530 /* Resources */,
				FA775F992B657E09001EE530 /* Models */,
				FA775F982B657E01001EE530 /* ViewModels */,
				FA775F972B657DF8001EE530 /* Views */,
				FA775F8E2B657845001EE530 /* Controllers */,
				FA775F7A2B6575C2001EE530 /* AppDelegate.swift */,
				FA775F7C2B6575C2001EE530 /* SceneDelegate.swift */,
				FA775F7E2B6575C2001EE530 /* MainTabBarViewController.swift */,
				FA775F832B6575C3001EE530 /* Assets.xcassets */,
				FA775F852B6575C3001EE530 /* LaunchScreen.storyboard */,
				FA775F882B6575C3001EE530 /* Info.plist */,
			);
			path = NetflixClone;
			sourceTree = "<group>";
		};
		FA775F8E2B657845001EE530 /* Controllers */ = {
			isa = PBXGroup;
			children = (
				FA8E5EF72B76A0BF0060D30A /* General */,
				FA8E5EF62B76A0AA0060D30A /* Core */,
			);
			path = Controllers;
			sourceTree = "<group>";
		};
		FA775F972B657DF8001EE530 /* Views */ = {
			isa = PBXGroup;
			children = (
				FA775F9C2B657E4B001EE530 /* CollectionViewTableViewCell.swift */,
				FA4D44D22B6C237D0065AC79 /* MovieTableViewCell.swift */,
				FA775F9E2B658925001EE530 /* HeroHeaderUIView.swift */,
				FA92E75E2B670BE000504F67 /* TitleCollectionViewCell.swift */,
			);
			path = Views;
			sourceTree = "<group>";
		};
		FA775F982B657E01001EE530 /* ViewModels */ = {
			isa = PBXGroup;
			children = (
			);
			path = ViewModels;
			sourceTree = "<group>";
		};
		FA775F992B657E09001EE530 /* Models */ = {
			isa = PBXGroup;
			children = (
				FA92E7562B66C58100504F67 /* MovieModel.swift */,
				FA4D44D42B6C260F0065AC79 /* MovieTitleViewModel.swift */,
			);
			path = Models;
			sourceTree = "<group>";
		};
		FA775F9A2B657E2B001EE530 /* Resources */ = {
			isa = PBXGroup;
			children = (
				FA92E75A2B66FEE100504F67 /* Extensions.swift */,
			);
			path = Resources;
			sourceTree = "<group>";
		};
		FA775F9B2B657E32001EE530 /* Managers */ = {
			isa = PBXGroup;
			children = (
				FA92E7542B66BECB00504F67 /* APICaller.swift */,
				FA8E5EFA2B76AC100060D30A /* google_api.txt */,
				FA92E7582B66CC9200504F67 /* api_key.txt */,
			);
			path = Managers;
			sourceTree = "<group>";
		};
		FA8E5EF62B76A0AA0060D30A /* Core */ = {
			isa = PBXGroup;
			children = (
				FA775F952B6578D9001EE530 /* DownloadsViewController.swift */,
				FA775F8F2B657867001EE530 /* HomeViewController.swift */,
				FA775F912B657886001EE530 /* UpcomingViewController.swift */,
				FA775F932B6578BB001EE530 /* SearchViewController.swift */,
			);
			path = Core;
			sourceTree = "<group>";
		};
		FA8E5EF72B76A0BF0060D30A /* General */ = {
			isa = PBXGroup;
			children = (
				FA8E5EF42B76A07E0060D30A /* SearchResultViewController.swift */,
			);
			path = General;
			sourceTree = "<group>";
		};
/* End PBXGroup section */

/* Begin PBXNativeTarget section */
		FA775F762B6575C2001EE530 /* NetflixClone */ = {
			isa = PBXNativeTarget;
			buildConfigurationList = FA775F8B2B6575C3001EE530 /* Build configuration list for PBXNativeTarget "NetflixClone" */;
			buildPhases = (
				FA775F732B6575C2001EE530 /* Sources */,
				FA775F742B6575C2001EE530 /* Frameworks */,
				FA775F752B6575C2001EE530 /* Resources */,
			);
			buildRules = (
			);
			dependencies = (
			);
			name = NetflixClone;
			packageProductDependencies = (
				FA92E7612B670D2300504F67 /* SDWebImage */,
				FA92E7632B670D2300504F67 /* SDWebImageMapKit */,
			);
			productName = NetflixClone;
			productReference = FA775F772B6575C2001EE530 /* NetflixClone.app */;
			productType = "com.apple.product-type.application";
		};
/* End PBXNativeTarget section */

/* Begin PBXProject section */
		FA775F6F2B6575C2001EE530 /* Project object */ = {
			isa = PBXProject;
			attributes = {
				BuildIndependentTargetsInParallel = 1;
				LastSwiftUpdateCheck = 1520;
				LastUpgradeCheck = 1520;
				TargetAttributes = {
					FA775F762B6575C2001EE530 = {
						CreatedOnToolsVersion = 15.2;
					};
				};
			};
			buildConfigurationList = FA775F722B6575C2001EE530 /* Build configuration list for PBXProject "NetflixClone" */;
			compatibilityVersion = "Xcode 14.0";
			developmentRegion = en;
			hasScannedForEncodings = 0;
			knownRegions = (
				en,
				Base,
			);
			mainGroup = FA775F6E2B6575C2001EE530;
			packageReferences = (
				FA92E7602B670D2300504F67 /* XCRemoteSwiftPackageReference "SDWebImage" */,
			);
			productRefGroup = FA775F782B6575C2001EE530 /* Products */;
			projectDirPath = "";
			projectRoot = "";
			targets = (
				FA775F762B6575C2001EE530 /* NetflixClone */,
			);
		};
/* End PBXProject section */

/* Begin PBXResourcesBuildPhase section */
		FA775F752B6575C2001EE530 /* Resources */ = {
			isa = PBXResourcesBuildPhase;
			buildActionMask = 2147483647;
			files = (
				FA92E7592B66CC9200504F67 /* api_key.txt in Resources */,
				FA8E5EFB2B76AC100060D30A /* google_api.txt in Resources */,
				FA775F872B6575C3001EE530 /* LaunchScreen.storyboard in Resources */,
				FA775F842B6575C3001EE530 /* Assets.xcassets in Resources */,
			);
			runOnlyForDeploymentPostprocessing = 0;
		};
/* End PBXResourcesBuildPhase section */

/* Begin PBXSourcesBuildPhase section */
		FA775F732B6575C2001EE530 /* Sources */ = {
			isa = PBXSourcesBuildPhase;
			buildActionMask = 2147483647;
			files = (
				FA92E7572B66C58100504F67 /* MovieModel.swift in Sources */,
				FA92E75F2B670BE000504F67 /* TitleCollectionViewCell.swift in Sources */,
				FA4D44D32B6C237D0065AC79 /* MovieTableViewCell.swift in Sources */,
				FA775F942B6578BB001EE530 /* SearchViewController.swift in Sources */,
				FA775F9D2B657E4B001EE530 /* CollectionViewTableViewCell.swift in Sources */,
				FA775F7F2B6575C2001EE530 /* MainTabBarViewController.swift in Sources */,
				FA775F9F2B658925001EE530 /* HeroHeaderUIView.swift in Sources */,
				FA775F962B6578D9001EE530 /* DownloadsViewController.swift in Sources */,
				FA775F7B2B6575C2001EE530 /* AppDelegate.swift in Sources */,
				FA92E75B2B66FEE100504F67 /* Extensions.swift in Sources */,
				FA775F7D2B6575C2001EE530 /* SceneDelegate.swift in Sources */,
				FA92E7552B66BECB00504F67 /* APICaller.swift in Sources */,
				FA775F922B657886001EE530 /* UpcomingViewController.swift in Sources */,
				FA775F902B657867001EE530 /* HomeViewController.swift in Sources */,
				FA8E5EF52B76A07E0060D30A /* SearchResultViewController.swift in Sources */,
				FA4D44D52B6C260F0065AC79 /* MovieTitleViewModel.swift in Sources */,
			);
			runOnlyForDeploymentPostprocessing = 0;
		};
/* End PBXSourcesBuildPhase section */

/* Begin PBXVariantGroup section */
		FA775F852B6575C3001EE530 /* LaunchScreen.storyboard */ = {
			isa = PBXVariantGroup;
			children = (
				FA775F862B6575C3001EE530 /* Base */,
			);
			name = LaunchScreen.storyboard;
			sourceTree = "<group>";
		};
/* End PBXVariantGroup section */

/* Begin XCBuildConfiguration section */
		FA775F892B6575C3001EE530 /* Debug */ = {
			isa = XCBuildConfiguration;
			buildSettings = {
				ALWAYS_SEARCH_USER_PATHS = NO;
				ASSETCATALOG_COMPILER_GENERATE_SWIFT_ASSET_SYMBOL_EXTENSIONS = YES;
				CLANG_ANALYZER_NONNULL = YES;
				CLANG_ANALYZER_NUMBER_OBJECT_CONVERSION = YES_AGGRESSIVE;
				CLANG_CXX_LANGUAGE_STANDARD = "gnu++20";
				CLANG_ENABLE_MODULES = YES;
				CLANG_ENABLE_OBJC_ARC = YES;
				CLANG_ENABLE_OBJC_WEAK = YES;
				CLANG_WARN_BLOCK_CAPTURE_AUTORELEASING = YES;
				CLANG_WARN_BOOL_CONVERSION = YES;
				CLANG_WARN_COMMA = YES;
				CLANG_WARN_CONSTANT_CONVERSION = YES;
				CLANG_WARN_DEPRECATED_OBJC_IMPLEMENTATIONS = YES;
				CLANG_WARN_DIRECT_OBJC_ISA_USAGE = YES_ERROR;
				CLANG_WARN_DOCUMENTATION_COMMENTS = YES;
				CLANG_WARN_EMPTY_BODY = YES;
				CLANG_WARN_ENUM_CONVERSION = YES;
				CLANG_WARN_INFINITE_RECURSION = YES;
				CLANG_WARN_INT_CONVERSION = YES;
				CLANG_WARN_NON_LITERAL_NULL_CONVERSION = YES;
				CLANG_WARN_OBJC_IMPLICIT_RETAIN_SELF = YES;
				CLANG_WARN_OBJC_LITERAL_CONVERSION = YES;
				CLANG_WARN_OBJC_ROOT_CLASS = YES_ERROR;
				CLANG_WARN_QUOTED_INCLUDE_IN_FRAMEWORK_HEADER = YES;
				CLANG_WARN_RANGE_LOOP_ANALYSIS = YES;
				CLANG_WARN_STRICT_PROTOTYPES = YES;
				CLANG_WARN_SUSPICIOUS_MOVE = YES;
				CLANG_WARN_UNGUARDED_AVAILABILITY = YES_AGGRESSIVE;
				CLANG_WARN_UNREACHABLE_CODE = YES;
				CLANG_WARN__DUPLICATE_METHOD_MATCH = YES;
				COPY_PHASE_STRIP = NO;
				DEBUG_INFORMATION_FORMAT = dwarf;
				ENABLE_STRICT_OBJC_MSGSEND = YES;
				ENABLE_TESTABILITY = YES;
				ENABLE_USER_SCRIPT_SANDBOXING = YES;
				GCC_C_LANGUAGE_STANDARD = gnu17;
				GCC_DYNAMIC_NO_PIC = NO;
				GCC_NO_COMMON_BLOCKS = YES;
				GCC_OPTIMIZATION_LEVEL = 0;
				GCC_PREPROCESSOR_DEFINITIONS = (
					"DEBUG=1",
					"$(inherited)",
				);
				GCC_WARN_64_TO_32_BIT_CONVERSION = YES;
				GCC_WARN_ABOUT_RETURN_TYPE = YES_ERROR;
				GCC_WARN_UNDECLARED_SELECTOR = YES;
				GCC_WARN_UNINITIALIZED_AUTOS = YES_AGGRESSIVE;
				GCC_WARN_UNUSED_FUNCTION = YES;
				GCC_WARN_UNUSED_VARIABLE = YES;
				IPHONEOS_DEPLOYMENT_TARGET = 17.2;
				LOCALIZATION_PREFERS_STRING_CATALOGS = YES;
				MTL_ENABLE_DEBUG_INFO = INCLUDE_SOURCE;
				MTL_FAST_MATH = YES;
				ONLY_ACTIVE_ARCH = YES;
				SDKROOT = iphoneos;
				SWIFT_ACTIVE_COMPILATION_CONDITIONS = "DEBUG $(inherited)";
				SWIFT_OPTIMIZATION_LEVEL = "-Onone";
			};
			name = Debug;
		};
		FA775F8A2B6575C3001EE530 /* Release */ = {
			isa = XCBuildConfiguration;
			buildSettings = {
				ALWAYS_SEARCH_USER_PATHS = NO;
				ASSETCATALOG_COMPILER_GENERATE_SWIFT_ASSET_SYMBOL_EXTENSIONS = YES;
				CLANG_ANALYZER_NONNULL = YES;
				CLANG_ANALYZER_NUMBER_OBJECT_CONVERSION = YES_AGGRESSIVE;
				CLANG_CXX_LANGUAGE_STANDARD = "gnu++20";
				CLANG_ENABLE_MODULES = YES;
				CLANG_ENABLE_OBJC_ARC = YES;
				CLANG_ENABLE_OBJC_WEAK = YES;
				CLANG_WARN_BLOCK_CAPTURE_AUTORELEASING = YES;
				CLANG_WARN_BOOL_CONVERSION = YES;
				CLANG_WARN_COMMA = YES;
				CLANG_WARN_CONSTANT_CONVERSION = YES;
				CLANG_WARN_DEPRECATED_OBJC_IMPLEMENTATIONS = YES;
				CLANG_WARN_DIRECT_OBJC_ISA_USAGE = YES_ERROR;
				CLANG_WARN_DOCUMENTATION_COMMENTS = YES;
				CLANG_WARN_EMPTY_BODY = YES;
				CLANG_WARN_ENUM_CONVERSION = YES;
				CLANG_WARN_INFINITE_RECURSION = YES;
				CLANG_WARN_INT_CONVERSION = YES;
				CLANG_WARN_NON_LITERAL_NULL_CONVERSION = YES;
				CLANG_WARN_OBJC_IMPLICIT_RETAIN_SELF = YES;
				CLANG_WARN_OBJC_LITERAL_CONVERSION = YES;
				CLANG_WARN_OBJC_ROOT_CLASS = YES_ERROR;
				CLANG_WARN_QUOTED_INCLUDE_IN_FRAMEWORK_HEADER = YES;
				CLANG_WARN_RANGE_LOOP_ANALYSIS = YES;
				CLANG_WARN_STRICT_PROTOTYPES = YES;
				CLANG_WARN_SUSPICIOUS_MOVE = YES;
				CLANG_WARN_UNGUARDED_AVAILABILITY = YES_AGGRESSIVE;
				CLANG_WARN_UNREACHABLE_CODE = YES;
				CLANG_WARN__DUPLICATE_METHOD_MATCH = YES;
				COPY_PHASE_STRIP = NO;
				DEBUG_INFORMATION_FORMAT = "dwarf-with-dsym";
				ENABLE_NS_ASSERTIONS = NO;
				ENABLE_STRICT_OBJC_MSGSEND = YES;
				ENABLE_USER_SCRIPT_SANDBOXING = YES;
				GCC_C_LANGUAGE_STANDARD = gnu17;
				GCC_NO_COMMON_BLOCKS = YES;
				GCC_WARN_64_TO_32_BIT_CONVERSION = YES;
				GCC_WARN_ABOUT_RETURN_TYPE = YES_ERROR;
				GCC_WARN_UNDECLARED_SELECTOR = YES;
				GCC_WARN_UNINITIALIZED_AUTOS = YES_AGGRESSIVE;
				GCC_WARN_UNUSED_FUNCTION = YES;
				GCC_WARN_UNUSED_VARIABLE = YES;
				IPHONEOS_DEPLOYMENT_TARGET = 17.2;
				LOCALIZATION_PREFERS_STRING_CATALOGS = YES;
				MTL_ENABLE_DEBUG_INFO = NO;
				MTL_FAST_MATH = YES;
				SDKROOT = iphoneos;
				SWIFT_COMPILATION_MODE = wholemodule;
				VALIDATE_PRODUCT = YES;
			};
			name = Release;
		};
		FA775F8C2B6575C3001EE530 /* Debug */ = {
			isa = XCBuildConfiguration;
			buildSettings = {
				ASSETCATALOG_COMPILER_APPICON_NAME = AppIcon;
				ASSETCATALOG_COMPILER_GLOBAL_ACCENT_COLOR_NAME = AccentColor;
				CODE_SIGN_STYLE = Automatic;
				CURRENT_PROJECT_VERSION = 1;
				DEVELOPMENT_TEAM = XF36CTA732;
				GENERATE_INFOPLIST_FILE = YES;
				INFOPLIST_FILE = NetflixClone/Info.plist;
				INFOPLIST_KEY_UIApplicationSupportsIndirectInputEvents = YES;
				INFOPLIST_KEY_UILaunchStoryboardName = LaunchScreen;
				INFOPLIST_KEY_UISupportedInterfaceOrientations_iPad = "UIInterfaceOrientationPortrait UIInterfaceOrientationPortraitUpsideDown UIInterfaceOrientationLandscapeLeft UIInterfaceOrientationLandscapeRight";
				INFOPLIST_KEY_UISupportedInterfaceOrientations_iPhone = "UIInterfaceOrientationPortrait UIInterfaceOrientationLandscapeLeft UIInterfaceOrientationLandscapeRight";
				IPHONEOS_DEPLOYMENT_TARGET = 15.0;
				LD_RUNPATH_SEARCH_PATHS = (
					"$(inherited)",
					"@executable_path/Frameworks",
				);
				MARKETING_VERSION = 1.0;
				PRODUCT_BUNDLE_IDENTIFIER = kulakdev.NetflixClone;
				PRODUCT_NAME = "$(TARGET_NAME)";
				SWIFT_EMIT_LOC_STRINGS = YES;
				SWIFT_VERSION = 5.0;
				TARGETED_DEVICE_FAMILY = "1,2";
			};
			name = Debug;
		};
		FA775F8D2B6575C3001EE530 /* Release */ = {
			isa = XCBuildConfiguration;
			buildSettings = {
				ASSETCATALOG_COMPILER_APPICON_NAME = AppIcon;
				ASSETCATALOG_COMPILER_GLOBAL_ACCENT_COLOR_NAME = AccentColor;
				CODE_SIGN_STYLE = Automatic;
				CURRENT_PROJECT_VERSION = 1;
				DEVELOPMENT_TEAM = XF36CTA732;
				GENERATE_INFOPLIST_FILE = YES;
				INFOPLIST_FILE = NetflixClone/Info.plist;
				INFOPLIST_KEY_UIApplicationSupportsIndirectInputEvents = YES;
				INFOPLIST_KEY_UILaunchStoryboardName = LaunchScreen;
				INFOPLIST_KEY_UISupportedInterfaceOrientations_iPad = "UIInterfaceOrientationPortrait UIInterfaceOrientationPortraitUpsideDown UIInterfaceOrientationLandscapeLeft UIInterfaceOrientationLandscapeRight";
				INFOPLIST_KEY_UISupportedInterfaceOrientations_iPhone = "UIInterfaceOrientationPortrait UIInterfaceOrientationLandscapeLeft UIInterfaceOrientationLandscapeRight";
				IPHONEOS_DEPLOYMENT_TARGET = 15.0;
				LD_RUNPATH_SEARCH_PATHS = (
					"$(inherited)",
					"@executable_path/Frameworks",
				);
				MARKETING_VERSION = 1.0;
				PRODUCT_BUNDLE_IDENTIFIER = kulakdev.NetflixClone;
				PRODUCT_NAME = "$(TARGET_NAME)";
				SWIFT_EMIT_LOC_STRINGS = YES;
				SWIFT_VERSION = 5.0;
				TARGETED_DEVICE_FAMILY = "1,2";
			};
			name = Release;
		};
/* End XCBuildConfiguration section */

/* Begin XCConfigurationList section */
		FA775F722B6575C2001EE530 /* Build configuration list for PBXProject "NetflixClone" */ = {
			isa = XCConfigurationList;
			buildConfigurations = (
				FA775F892B6575C3001EE530 /* Debug */,
				FA775F8A2B6575C3001EE530 /* Release */,
			);
			defaultConfigurationIsVisible = 0;
			defaultConfigurationName = Release;
		};
		FA775F8B2B6575C3001EE530 /* Build configuration list for PBXNativeTarget "NetflixClone" */ = {
			isa = XCConfigurationList;
			buildConfigurations = (
				FA775F8C2B6575C3001EE530 /* Debug */,
				FA775F8D2B6575C3001EE530 /* Release */,
			);
			defaultConfigurationIsVisible = 0;
			defaultConfigurationName = Release;
		};
/* End XCConfigurationList section */

/* Begin XCRemoteSwiftPackageReference section */
		FA92E7602B670D2300504F67 /* XCRemoteSwiftPackageReference "SDWebImage" */ = {
			isa = XCRemoteSwiftPackageReference;
			repositoryURL = "https://github.com/SDWebImage/SDWebImage.git";
			requirement = {
				kind = upToNextMajorVersion;
				minimumVersion = 5.18.10;
			};
		};
/* End XCRemoteSwiftPackageReference section */

/* Begin XCSwiftPackageProductDependency section */
		FA92E7612B670D2300504F67 /* SDWebImage */ = {
			isa = XCSwiftPackageProductDependency;
			package = FA92E7602B670D2300504F67 /* XCRemoteSwiftPackageReference "SDWebImage" */;
			productName = SDWebImage;
		};
		FA92E7632B670D2300504F67 /* SDWebImageMapKit */ = {
			isa = XCSwiftPackageProductDependency;
			package = FA92E7602B670D2300504F67 /* XCRemoteSwiftPackageReference "SDWebImage" */;
			productName = SDWebImageMapKit;
		};
/* End XCSwiftPackageProductDependency section */
	};
	rootObject = FA775F6F2B6575C2001EE530 /* Project object */;
}
